PODS:
  - Alamofire (4.8.2)
  - Charts (3.3.0):
    - Charts/Core (= 3.3.0)
  - Charts/Core (3.3.0)
  - Crashlytics (3.12.0):
    - Fabric (~> 1.9.0)
  - Fabric (1.9.0)
  - Firebase/AdMob (6.5.0):
    - Firebase/CoreOnly
    - Google-Mobile-Ads-SDK (~> 7.47)
  - Firebase/Core (6.5.0):
    - Firebase/CoreOnly
    - FirebaseAnalytics (= 6.0.4)
  - Firebase/CoreOnly (6.5.0):
    - FirebaseCore (= 6.1.0)
  - FirebaseAnalytics (6.0.4):
    - FirebaseCore (~> 6.1)
    - FirebaseInstanceID (~> 4.2)
    - GoogleAppMeasurement (= 6.0.4)
    - GoogleUtilities/AppDelegateSwizzler (~> 6.0)
    - GoogleUtilities/MethodSwizzler (~> 6.0)
    - GoogleUtilities/Network (~> 6.0)
    - "GoogleUtilities/NSData+zlib (~> 6.0)"
    - nanopb (~> 0.3)
  - FirebaseCore (6.1.0):
    - GoogleUtilities/Environment (~> 6.0)
    - GoogleUtilities/Logger (~> 6.0)
  - FirebaseInstanceID (4.2.2):
    - FirebaseCore (~> 6.0)
    - GoogleUtilities/Environment (~> 6.0)
    - GoogleUtilities/UserDefaults (~> 6.0)
  - Google-Mobile-Ads-SDK (7.47.0):
    - GoogleAppMeasurement (~> 6.0)
  - GoogleAppMeasurement (6.0.4):
    - GoogleUtilities/AppDelegateSwizzler (~> 6.0)
    - GoogleUtilities/MethodSwizzler (~> 6.0)
    - GoogleUtilities/Network (~> 6.0)
    - "GoogleUtilities/NSData+zlib (~> 6.0)"
    - nanopb (~> 0.3)
  - GoogleUtilities/AppDelegateSwizzler (6.2.3):
    - GoogleUtilities/Environment
    - GoogleUtilities/Logger
    - GoogleUtilities/Network
  - GoogleUtilities/Environment (6.2.3)
  - GoogleUtilities/Logger (6.2.3):
    - GoogleUtilities/Environment
  - GoogleUtilities/MethodSwizzler (6.2.3):
    - GoogleUtilities/Logger
  - GoogleUtilities/Network (6.2.3):
    - GoogleUtilities/Logger
    - "GoogleUtilities/NSData+zlib"
    - GoogleUtilities/Reachability
  - "GoogleUtilities/NSData+zlib (6.2.3)"
  - GoogleUtilities/Reachability (6.2.3):
    - GoogleUtilities/Logger
  - GoogleUtilities/UserDefaults (6.2.3):
    - GoogleUtilities/Logger
  - KeychainSwift (13.0.0)
  - LBTAComponents (1.1)
  - nanopb (0.3.901):
    - nanopb/decode (= 0.3.901)
    - nanopb/encode (= 0.3.901)
  - nanopb/decode (0.3.901)
  - nanopb/encode (0.3.901)
  - ObjectMapper (3.5.1)
  - Realm (3.17.3):
    - Realm/Headers (= 3.17.3)
  - Realm/Headers (3.17.3)
  - RealmSwift (3.17.3):
    - Realm (= 3.17.3)
  - RxCocoa (4.3.1):
    - RxSwift (~> 4.0)
  - RxSwift (4.3.1)
  - SmileLock (3.0.7)
  - SnapKit (5.0.0)
  - SwiftWebSocket (2.7.0)
  - SwiftyJSON (5.0.0)
  - SwiftyStoreKit (0.15.0)

DEPENDENCIES:
  - Alamofire (~> 4.7)
  - Charts
  - Crashlytics (~> 3.12.0)
  - Fabric (~> 1.9.0)
  - Firebase/AdMob
  - Firebase/Core
  - KeychainSwift (~> 13.0)
  - LBTAComponents
  - ObjectMapper (~> 3.1)
  - RealmSwift
  - RxCocoa (~> 4.3.0)
  - RxSwift (~> 4.3.0)
  - SmileLock (~> 3.0)
  - SnapKit (~> 5.0.0)
  - SwiftWebSocket
  - SwiftyJSON (~> 5.0)
  - SwiftyStoreKit

SPEC REPOS:
  https://github.com/cocoapods/specs.git:
    - Alamofire
    - Charts
    - Crashlytics
    - Fabric
    - Firebase
    - FirebaseAnalytics
    - FirebaseCore
    - FirebaseInstanceID
    - Google-Mobile-Ads-SDK
    - GoogleAppMeasurement
    - GoogleUtilities
    - KeychainSwift
    - LBTAComponents
    - nanopb
    - ObjectMapper
    - Realm
    - RealmSwift
    - RxCocoa
    - RxSwift
    - SmileLock
    - SnapKit
    - SwiftWebSocket
    - SwiftyJSON
    - SwiftyStoreKit

SPEC CHECKSUMS:
  Alamofire: ae5c501addb7afdbb13687d7f2f722c78734c2d3
  Charts: e0dd4cd8f257bccf98407b58183ddca8e8d5b578
  Crashlytics: 07fb167b1694128c1c9a5a5cc319b0e9c3ca0933
  Fabric: f988e33c97f08930a413e08123064d2e5f68d655
  Firebase: dedc9e48ea3f3649ad5f6b982f8a0c73508a14b5
  FirebaseAnalytics: 3fb375bc9d13779add4039716f868d233a473fad
  FirebaseCore: aecf02fb2274ec361b9bebeac112f5daa18273bd
  FirebaseInstanceID: 662b8108a09fe9ed01aafdedba100fde8536b0f6
  Google-Mobile-Ads-SDK: a10b30f4a51a3283df7df3c9ea7e84553b508e4b
  GoogleAppMeasurement: 183bd916af7f80deb67c01888368f1108d641832
  GoogleUtilities: d2b0e277a95962e09bb27f5cd42f5f0b6a506c7d
  KeychainSwift: 23d6c16cbc33f20fafa30c3d783241b4b87d998c
  LBTAComponents: 2e7719683ddcf1cdf7280700438c0c6a5f7da550
  nanopb: 2901f78ea1b7b4015c860c2fdd1ea2fee1a18d48
  ObjectMapper: 70187b8941977c62ccfb423caf6b50be405cabf0
  Realm: 5a1d9d47bfc101dd597668b1a8af4288a2557f6d
  RealmSwift: b7fdc2d18616621c31df5c7a398a45a2163f8eb0
  RxCocoa: 78763c7b07d02455598d9fc3c1ad091a28b73635
  RxSwift: fe0fd770a43acdb7d0a53da411c9b892e69bb6e4
  SmileLock: 46b847b3ad963e3140d083b53f09036a4d210537
  SnapKit: fd22d10eb9aff484d79a8724eab922c1ddf89bcf
  SwiftWebSocket: 612c9729fd503cb6b0b8b45390c788686dac306f
  SwiftyJSON: 36413e04c44ee145039d332b4f4e2d3e8d6c4db7
  SwiftyStoreKit: 033d06b6f87955405d3f844a18a7687c2438592a

PODFILE CHECKSUM: fddd18e099357f3d3eed9eba7cb78e322d502f6d

COCOAPODS: 1.7.2
