// !$*UTF8*$!
{
	archiveVersion = 1;
	classes = {
	};
	objectVersion = 48;
	objects = {

/* Begin PBXAggregateTarget section */
		20CAFEF72042CAB000C7DEA5 /* CommonCryptoModuleMap */ = {
			isa = PBXAggregateTarget;
			buildConfigurationList = 20CAFEF82042CAB000C7DEA5 /* Build configuration list for PBXAggregateTarget "CommonCryptoModuleMap" */;
			buildPhases = (
				20CAFEFB2042CAEC00C7DEA5 /* ShellScript */,
			);
			dependencies = (
			);
			name = CommonCryptoModuleMap;
			productName = CommonCryptoModuleMap;
		};
/* End PBXAggregateTarget section */

/* Begin PBXBuildFile section */
		0F2EBF7907418DCBAC0C254D /* LoginConfigurator.swift in Sources */ = {isa = PBXBuildFile; fileRef = ED4B771AF062127B0D3782DF /* LoginConfigurator.swift */; };
		0F96E308D2D80F19AD5155F8 /* QRScannerInitializer.swift in Sources */ = {isa = PBXBuildFile; fileRef = 65114ECDC0A58E80CA27F23D /* QRScannerInitializer.swift */; };
		20001D71203B8D1200B6966F /* exmo_ios_client.xcdatamodeld in Sources */ = {isa = PBXBuildFile; fileRef = 20001D6F203B8D1200B6966F /* exmo_ios_client.xcdatamodeld */; };
		20001D73203B8D1200B6966F /* Assets.xcassets in Resources */ = {isa = PBXBuildFile; fileRef = 20001D72203B8D1200B6966F /* Assets.xcassets */; };
		202CF16820414FE7008185EB /* ViperModuleTransitionHandler.swift in Sources */ = {isa = PBXBuildFile; fileRef = 202CF16720414FE7008185EB /* ViperModuleTransitionHandler.swift */; };
		20467D5051D58148706B41DA /* LoginRouter.swift in Sources */ = {isa = PBXBuildFile; fileRef = 3B2A0D3D861EB2BA231E6CAD /* LoginRouter.swift */; };
		205A7CFB203CCEBD00A2E28A /* AppDelegate.swift in Sources */ = {isa = PBXBuildFile; fileRef = 205A7CBF203CCEBD00A2E28A /* AppDelegate.swift */; };
		205A7CFC203CCEBD00A2E28A /* LaunchScreen.storyboard in Resources */ = {isa = PBXBuildFile; fileRef = 205A7CC0203CCEBD00A2E28A /* LaunchScreen.storyboard */; };
		205A7CFD203CCEBD00A2E28A /* Main.storyboard in Resources */ = {isa = PBXBuildFile; fileRef = 205A7CC2203CCEBD00A2E28A /* Main.storyboard */; };
		20CAFED2204208E000C7DEA5 /* QRLoginModel.swift in Sources */ = {isa = PBXBuildFile; fileRef = 20CAFED1204208E000C7DEA5 /* QRLoginModel.swift */; };
		20CAFED52042AE9C00C7DEA5 /* ExmoApiHandler.swift in Sources */ = {isa = PBXBuildFile; fileRef = 20CAFED42042AE9C00C7DEA5 /* ExmoApiHandler.swift */; };
		20CAFED72042AF0D00C7DEA5 /* Data+Extensions.swift in Sources */ = {isa = PBXBuildFile; fileRef = 20CAFED62042AF0D00C7DEA5 /* Data+Extensions.swift */; };
		20CAFF002042EE4F00C7DEA5 /* LoginService.swift in Sources */ = {isa = PBXBuildFile; fileRef = 20CAFEFF2042EE4F00C7DEA5 /* LoginService.swift */; };
		2D14B0555AE10DB8020A3714 /* QRScannerModuleInput.swift in Sources */ = {isa = PBXBuildFile; fileRef = 9D737B3BA6328BC185816E2B /* QRScannerModuleInput.swift */; };
		34D960FCD2696E25C1B4D288 /* QRScannerConfigurator.swift in Sources */ = {isa = PBXBuildFile; fileRef = 96408060495CEFDFCE579106 /* QRScannerConfigurator.swift */; };
		393BB2EDF910ED63EA0FA976 /* LoginViewInput.swift in Sources */ = {isa = PBXBuildFile; fileRef = 39CAFB784CC500FAEB45F93C /* LoginViewInput.swift */; };
		3EFA300489B77AB07A45C3E3 /* LoginPresenter.swift in Sources */ = {isa = PBXBuildFile; fileRef = 77E435360E49F73ABF4C888C /* LoginPresenter.swift */; };
		466BE515F58F0A76E05A0A0A /* LoginModuleInput.swift in Sources */ = {isa = PBXBuildFile; fileRef = FB04A56E5D9C15348E901E25 /* LoginModuleInput.swift */; };
		6F4E2E9D37A8F2FAF95EF6A9 /* QRScannerViewOutput.swift in Sources */ = {isa = PBXBuildFile; fileRef = 3B6832D214D78D52E1FEEC38 /* QRScannerViewOutput.swift */; };
		73B6DB13C940F5C5A8ADC3FE /* LoginViewOutput.swift in Sources */ = {isa = PBXBuildFile; fileRef = 349F2CB0625621FE1D77883A /* LoginViewOutput.swift */; };
		88A6BC935E0ACF98EA1760BD /* QRScannerInteractorInput.swift in Sources */ = {isa = PBXBuildFile; fileRef = B53C4ACC058C773437FCE770 /* QRScannerInteractorInput.swift */; };
		920278E6318EFE15D1B07821 /* QRScannerInteractorOutput.swift in Sources */ = {isa = PBXBuildFile; fileRef = 6463546423363E6BA20C09C8 /* QRScannerInteractorOutput.swift */; };
		940A6111B404C56A5C57CF19 /* LoginRouterInput.swift in Sources */ = {isa = PBXBuildFile; fileRef = B3D0A44652FC07AE7F5FDDB4 /* LoginRouterInput.swift */; };
		C457DAD84E3C4A7AF0D358D6 /* LoginInitializer.swift in Sources */ = {isa = PBXBuildFile; fileRef = 3EA5D227BEE00B955D0C7F2E /* LoginInitializer.swift */; };
		C724F2D0EE6F6F5F3B20C6CC /* QRScannerRouterInput.swift in Sources */ = {isa = PBXBuildFile; fileRef = B7C8C6BAC16047D8F23A2219 /* QRScannerRouterInput.swift */; };
		C73CF2EF984BA1FE75A12CE3 /* QRScannerInteractor.swift in Sources */ = {isa = PBXBuildFile; fileRef = 25335C61D458464AB99D3D48 /* QRScannerInteractor.swift */; };
		D130A090D8C3419858DC7F32 /* QRScannerRouter.swift in Sources */ = {isa = PBXBuildFile; fileRef = F3ABB16DB0E8D7265FCE3ECA /* QRScannerRouter.swift */; };
		D928C52A8583F7A7D684EF35 /* LoginInteractorInput.swift in Sources */ = {isa = PBXBuildFile; fileRef = 218EB01FE1B03C6D3D0AE560 /* LoginInteractorInput.swift */; };
		DF1DBBD1CAF1A9F5DD90EFD4 /* LoginViewController.swift in Sources */ = {isa = PBXBuildFile; fileRef = 6F3E059834C77B0C6F11D3D3 /* LoginViewController.swift */; };
		EEBC1EA66242D71226026D0B /* QRScannerViewInput.swift in Sources */ = {isa = PBXBuildFile; fileRef = 73544C83E2351279A35FEA8C /* QRScannerViewInput.swift */; };
		F242E37F3C1E2B2F22E16732 /* LoginInteractor.swift in Sources */ = {isa = PBXBuildFile; fileRef = B33B5CC4983136487CA151E5 /* LoginInteractor.swift */; };
		F4D69AF88618D8DB10050648 /* QRScannerViewController.swift in Sources */ = {isa = PBXBuildFile; fileRef = DDFFB05050EE8A6CA50DD19F /* QRScannerViewController.swift */; };
		FEA9FA32F865C22F7445201B /* LoginInteractorOutput.swift in Sources */ = {isa = PBXBuildFile; fileRef = FBC7B14E3C96EC51DF9EEB44 /* LoginInteractorOutput.swift */; };
		FF108A31BC65D1D2992047D5 /* QRScannerPresenter.swift in Sources */ = {isa = PBXBuildFile; fileRef = 5EE49DA66514C8DFE7D71133 /* QRScannerPresenter.swift */; };
/* End PBXBuildFile section */

/* Begin PBXContainerItemProxy section */
		20CAFEFC2042CB1E00C7DEA5 /* PBXContainerItemProxy */ = {
			isa = PBXContainerItemProxy;
			containerPortal = 20001D5D203B8D1200B6966F /* Project object */;
			proxyType = 1;
			remoteGlobalIDString = 20CAFEF72042CAB000C7DEA5;
			remoteInfo = CommonCryptoModuleMap;
		};
/* End PBXContainerItemProxy section */

/* Begin PBXCopyFilesBuildPhase section */
		20CAFEED2042C5C700C7DEA5 /* Embed Frameworks */ = {
			isa = PBXCopyFilesBuildPhase;
			buildActionMask = 2147483647;
			dstPath = "";
			dstSubfolderSpec = 10;
			files = (
			);
			name = "Embed Frameworks";
			runOnlyForDeploymentPostprocessing = 0;
		};
/* End PBXCopyFilesBuildPhase section */

/* Begin PBXFileReference section */
		20001D65203B8D1200B6966F /* exmo-ios-client.app */ = {isa = PBXFileReference; explicitFileType = wrapper.application; includeInIndex = 0; path = "exmo-ios-client.app"; sourceTree = BUILT_PRODUCTS_DIR; };
		20001D70203B8D1200B6966F /* exmo_ios_client.xcdatamodel */ = {isa = PBXFileReference; lastKnownFileType = wrapper.xcdatamodel; path = exmo_ios_client.xcdatamodel; sourceTree = "<group>"; };
		20001D72203B8D1200B6966F /* Assets.xcassets */ = {isa = PBXFileReference; lastKnownFileType = folder.assetcatalog; path = Assets.xcassets; sourceTree = "<group>"; };
		20001D77203B8D1200B6966F /* Info.plist */ = {isa = PBXFileReference; lastKnownFileType = text.plist.xml; path = Info.plist; sourceTree = "<group>"; };
		202CF16720414FE7008185EB /* ViperModuleTransitionHandler.swift */ = {isa = PBXFileReference; lastKnownFileType = sourcecode.swift; path = ViperModuleTransitionHandler.swift; sourceTree = "<group>"; };
		205A7CBF203CCEBD00A2E28A /* AppDelegate.swift */ = {isa = PBXFileReference; fileEncoding = 4; lastKnownFileType = sourcecode.swift; path = AppDelegate.swift; sourceTree = "<group>"; };
		205A7CC1203CCEBD00A2E28A /* Base */ = {isa = PBXFileReference; lastKnownFileType = file.storyboard; name = Base; path = Base.lproj/LaunchScreen.storyboard; sourceTree = "<group>"; };
		205A7CC3203CCEBD00A2E28A /* Base */ = {isa = PBXFileReference; lastKnownFileType = file.storyboard; name = Base; path = Base.lproj/Main.storyboard; sourceTree = "<group>"; };
		20CAFED1204208E000C7DEA5 /* QRLoginModel.swift */ = {isa = PBXFileReference; lastKnownFileType = sourcecode.swift; name = QRLoginModel.swift; path = Models/QRLoginModel.swift; sourceTree = "<group>"; };
		20CAFED42042AE9C00C7DEA5 /* ExmoApiHandler.swift */ = {isa = PBXFileReference; lastKnownFileType = sourcecode.swift; path = ExmoApiHandler.swift; sourceTree = "<group>"; };
		20CAFED62042AF0D00C7DEA5 /* Data+Extensions.swift */ = {isa = PBXFileReference; lastKnownFileType = sourcecode.swift; path = "Data+Extensions.swift"; sourceTree = "<group>"; };
		20CAFEF12042C7FD00C7DEA5 /* iphoneos-module.map */ = {isa = PBXFileReference; fileEncoding = 4; lastKnownFileType = "sourcecode.module-map"; path = "iphoneos-module.map"; sourceTree = "<group>"; };
		20CAFEF22042C7FD00C7DEA5 /* CommonCrypto.xcconfig */ = {isa = PBXFileReference; fileEncoding = 4; lastKnownFileType = text.xcconfig; path = CommonCrypto.xcconfig; sourceTree = "<group>"; };
		20CAFEF32042C7FD00C7DEA5 /* Info.plist */ = {isa = PBXFileReference; fileEncoding = 4; lastKnownFileType = text.plist.xml; path = Info.plist; sourceTree = "<group>"; };
		20CAFEF42042C7FD00C7DEA5 /* iphonesimulator-module.map */ = {isa = PBXFileReference; fileEncoding = 4; lastKnownFileType = "sourcecode.module-map"; path = "iphonesimulator-module.map"; sourceTree = "<group>"; };
		20CAFEFF2042EE4F00C7DEA5 /* LoginService.swift */ = {isa = PBXFileReference; lastKnownFileType = sourcecode.swift; path = LoginService.swift; sourceTree = "<group>"; };
		218EB01FE1B03C6D3D0AE560 /* LoginInteractorInput.swift */ = {isa = PBXFileReference; includeInIndex = 1; lastKnownFileType = sourcecode.swift; path = LoginInteractorInput.swift; sourceTree = "<group>"; };
		25335C61D458464AB99D3D48 /* QRScannerInteractor.swift */ = {isa = PBXFileReference; includeInIndex = 1; lastKnownFileType = sourcecode.swift; path = QRScannerInteractor.swift; sourceTree = "<group>"; };
		349F2CB0625621FE1D77883A /* LoginViewOutput.swift */ = {isa = PBXFileReference; includeInIndex = 1; lastKnownFileType = sourcecode.swift; path = LoginViewOutput.swift; sourceTree = "<group>"; };
		39CAFB784CC500FAEB45F93C /* LoginViewInput.swift */ = {isa = PBXFileReference; includeInIndex = 1; lastKnownFileType = sourcecode.swift; path = LoginViewInput.swift; sourceTree = "<group>"; };
		3B2A0D3D861EB2BA231E6CAD /* LoginRouter.swift */ = {isa = PBXFileReference; includeInIndex = 1; lastKnownFileType = sourcecode.swift; path = LoginRouter.swift; sourceTree = "<group>"; };
		3B6832D214D78D52E1FEEC38 /* QRScannerViewOutput.swift */ = {isa = PBXFileReference; includeInIndex = 1; lastKnownFileType = sourcecode.swift; path = QRScannerViewOutput.swift; sourceTree = "<group>"; };
		3EA5D227BEE00B955D0C7F2E /* LoginInitializer.swift */ = {isa = PBXFileReference; includeInIndex = 1; lastKnownFileType = sourcecode.swift; path = LoginInitializer.swift; sourceTree = "<group>"; };
		5EE49DA66514C8DFE7D71133 /* QRScannerPresenter.swift */ = {isa = PBXFileReference; includeInIndex = 1; lastKnownFileType = sourcecode.swift; path = QRScannerPresenter.swift; sourceTree = "<group>"; };
		6463546423363E6BA20C09C8 /* QRScannerInteractorOutput.swift */ = {isa = PBXFileReference; includeInIndex = 1; lastKnownFileType = sourcecode.swift; path = QRScannerInteractorOutput.swift; sourceTree = "<group>"; };
		65114ECDC0A58E80CA27F23D /* QRScannerInitializer.swift */ = {isa = PBXFileReference; includeInIndex = 1; lastKnownFileType = sourcecode.swift; path = QRScannerInitializer.swift; sourceTree = "<group>"; };
		6F3E059834C77B0C6F11D3D3 /* LoginViewController.swift */ = {isa = PBXFileReference; includeInIndex = 1; lastKnownFileType = sourcecode.swift; path = LoginViewController.swift; sourceTree = "<group>"; };
		73544C83E2351279A35FEA8C /* QRScannerViewInput.swift */ = {isa = PBXFileReference; includeInIndex = 1; lastKnownFileType = sourcecode.swift; path = QRScannerViewInput.swift; sourceTree = "<group>"; };
		77E435360E49F73ABF4C888C /* LoginPresenter.swift */ = {isa = PBXFileReference; includeInIndex = 1; lastKnownFileType = sourcecode.swift; path = LoginPresenter.swift; sourceTree = "<group>"; };
		96408060495CEFDFCE579106 /* QRScannerConfigurator.swift */ = {isa = PBXFileReference; includeInIndex = 1; lastKnownFileType = sourcecode.swift; path = QRScannerConfigurator.swift; sourceTree = "<group>"; };
		9D737B3BA6328BC185816E2B /* QRScannerModuleInput.swift */ = {isa = PBXFileReference; includeInIndex = 1; lastKnownFileType = sourcecode.swift; path = QRScannerModuleInput.swift; sourceTree = "<group>"; };
		B33B5CC4983136487CA151E5 /* LoginInteractor.swift */ = {isa = PBXFileReference; includeInIndex = 1; lastKnownFileType = sourcecode.swift; path = LoginInteractor.swift; sourceTree = "<group>"; };
		B3D0A44652FC07AE7F5FDDB4 /* LoginRouterInput.swift */ = {isa = PBXFileReference; includeInIndex = 1; lastKnownFileType = sourcecode.swift; path = LoginRouterInput.swift; sourceTree = "<group>"; };
		B53C4ACC058C773437FCE770 /* QRScannerInteractorInput.swift */ = {isa = PBXFileReference; includeInIndex = 1; lastKnownFileType = sourcecode.swift; path = QRScannerInteractorInput.swift; sourceTree = "<group>"; };
		B7C8C6BAC16047D8F23A2219 /* QRScannerRouterInput.swift */ = {isa = PBXFileReference; includeInIndex = 1; lastKnownFileType = sourcecode.swift; path = QRScannerRouterInput.swift; sourceTree = "<group>"; };
		DDFFB05050EE8A6CA50DD19F /* QRScannerViewController.swift */ = {isa = PBXFileReference; includeInIndex = 1; lastKnownFileType = sourcecode.swift; path = QRScannerViewController.swift; sourceTree = "<group>"; };
		ED4B771AF062127B0D3782DF /* LoginConfigurator.swift */ = {isa = PBXFileReference; includeInIndex = 1; lastKnownFileType = sourcecode.swift; path = LoginConfigurator.swift; sourceTree = "<group>"; };
		F3ABB16DB0E8D7265FCE3ECA /* QRScannerRouter.swift */ = {isa = PBXFileReference; includeInIndex = 1; lastKnownFileType = sourcecode.swift; path = QRScannerRouter.swift; sourceTree = "<group>"; };
		FB04A56E5D9C15348E901E25 /* LoginModuleInput.swift */ = {isa = PBXFileReference; includeInIndex = 1; lastKnownFileType = sourcecode.swift; path = LoginModuleInput.swift; sourceTree = "<group>"; };
		FBC7B14E3C96EC51DF9EEB44 /* LoginInteractorOutput.swift */ = {isa = PBXFileReference; includeInIndex = 1; lastKnownFileType = sourcecode.swift; path = LoginInteractorOutput.swift; sourceTree = "<group>"; };
/* End PBXFileReference section */

/* Begin PBXFrameworksBuildPhase section */
		20001D62203B8D1200B6966F /* Frameworks */ = {
			isa = PBXFrameworksBuildPhase;
			buildActionMask = 2147483647;
			files = (
			);
			runOnlyForDeploymentPostprocessing = 0;
		};
/* End PBXFrameworksBuildPhase section */

/* Begin PBXGroup section */
		05469F8310D9B6760A569123 /* View */ = {
			isa = PBXGroup;
			children = (
				39CAFB784CC500FAEB45F93C /* LoginViewInput.swift */,
				349F2CB0625621FE1D77883A /* LoginViewOutput.swift */,
				6F3E059834C77B0C6F11D3D3 /* LoginViewController.swift */,
			);
			path = View;
			sourceTree = "<group>";
		};
		06E682FD92A41BF8657E2881 /* Configurator */ = {
			isa = PBXGroup;
			children = (
				ED4B771AF062127B0D3782DF /* LoginConfigurator.swift */,
				3EA5D227BEE00B955D0C7F2E /* LoginInitializer.swift */,
			);
			path = Configurator;
			sourceTree = "<group>";
		};
		07C5E43BE503A2018B5AF942 /* Router */ = {
			isa = PBXGroup;
			children = (
				B7C8C6BAC16047D8F23A2219 /* QRScannerRouterInput.swift */,
				F3ABB16DB0E8D7265FCE3ECA /* QRScannerRouter.swift */,
			);
			path = Router;
			sourceTree = "<group>";
		};
		20001D5C203B8D1200B6966F = {
			isa = PBXGroup;
			children = (
				20001D67203B8D1200B6966F /* exmo-ios-client */,
				20CAFEE22042C5C700C7DEA5 /* CommonCrypto */,
				20001D66203B8D1200B6966F /* Products */,
			);
			sourceTree = "<group>";
		};
		20001D66203B8D1200B6966F /* Products */ = {
			isa = PBXGroup;
			children = (
				20001D65203B8D1200B6966F /* exmo-ios-client.app */,
			);
			name = Products;
			sourceTree = "<group>";
		};
		20001D67203B8D1200B6966F /* exmo-ios-client */ = {
			isa = PBXGroup;
			children = (
				205A7CBD203CCEBD00A2E28A /* sources */,
				20001D72203B8D1200B6966F /* Assets.xcassets */,
				20001D6F203B8D1200B6966F /* exmo_ios_client.xcdatamodeld */,
				20001D77203B8D1200B6966F /* Info.plist */,
			);
			path = "exmo-ios-client";
			sourceTree = "<group>";
		};
		205A7CBD203CCEBD00A2E28A /* sources */ = {
			isa = PBXGroup;
			children = (
				20CAFEFE2042ED8500C7DEA5 /* Services */,
				20CAFED32042AE6400C7DEA5 /* API */,
				205A7CBE203CCEBD00A2E28A /* Main */,
				2F5076038FAE7726FAFBB74C /* Login */,
				9E01C470C3E1B77012FC4051 /* QRScanner */,
			);
			path = sources;
			sourceTree = "<group>";
		};
		205A7CBE203CCEBD00A2E28A /* Main */ = {
			isa = PBXGroup;
			children = (
				205A7CBF203CCEBD00A2E28A /* AppDelegate.swift */,
				202CF16720414FE7008185EB /* ViperModuleTransitionHandler.swift */,
				205A7CC0203CCEBD00A2E28A /* LaunchScreen.storyboard */,
				205A7CC2203CCEBD00A2E28A /* Main.storyboard */,
			);
			path = Main;
			sourceTree = "<group>";
		};
		20CAFED0204208AD00C7DEA5 /* Models */ = {
			isa = PBXGroup;
			children = (
				20CAFED1204208E000C7DEA5 /* QRLoginModel.swift */,
			);
			name = Models;
			sourceTree = "<group>";
		};
		20CAFED32042AE6400C7DEA5 /* API */ = {
			isa = PBXGroup;
			children = (
				20CAFED42042AE9C00C7DEA5 /* ExmoApiHandler.swift */,
				20CAFED62042AF0D00C7DEA5 /* Data+Extensions.swift */,
			);
			path = API;
			sourceTree = "<group>";
		};
		20CAFEE22042C5C700C7DEA5 /* CommonCrypto */ = {
			isa = PBXGroup;
			children = (
				20CAFEF22042C7FD00C7DEA5 /* CommonCrypto.xcconfig */,
				20CAFEF32042C7FD00C7DEA5 /* Info.plist */,
				20CAFEF12042C7FD00C7DEA5 /* iphoneos-module.map */,
				20CAFEF42042C7FD00C7DEA5 /* iphonesimulator-module.map */,
			);
			path = CommonCrypto;
			sourceTree = "<group>";
		};
		20CAFEFE2042ED8500C7DEA5 /* Services */ = {
			isa = PBXGroup;
			children = (
				20CAFEFF2042EE4F00C7DEA5 /* LoginService.swift */,
			);
			path = Services;
			sourceTree = "<group>";
		};
		2F5076038FAE7726FAFBB74C /* Login */ = {
			isa = PBXGroup;
			children = (
				05469F8310D9B6760A569123 /* View */,
				F76A472BAE9890092EB14DEF /* Presenter */,
				805346028F332A0BAD6109CE /* Interactor */,
				D7912ED5AA0D3C26CDF53A84 /* Router */,
				06E682FD92A41BF8657E2881 /* Configurator */,
			);
			path = Login;
			sourceTree = "<group>";
		};
		335E3A8C334AD8DC53888D6A /* Presenter */ = {
			isa = PBXGroup;
			children = (
				9D737B3BA6328BC185816E2B /* QRScannerModuleInput.swift */,
				5EE49DA66514C8DFE7D71133 /* QRScannerPresenter.swift */,
			);
			path = Presenter;
			sourceTree = "<group>";
		};
		5073454438EB686C72360DF9 /* View */ = {
			isa = PBXGroup;
			children = (
				73544C83E2351279A35FEA8C /* QRScannerViewInput.swift */,
				3B6832D214D78D52E1FEEC38 /* QRScannerViewOutput.swift */,
				DDFFB05050EE8A6CA50DD19F /* QRScannerViewController.swift */,
			);
			path = View;
			sourceTree = "<group>";
		};
		805346028F332A0BAD6109CE /* Interactor */ = {
			isa = PBXGroup;
			children = (
				218EB01FE1B03C6D3D0AE560 /* LoginInteractorInput.swift */,
				FBC7B14E3C96EC51DF9EEB44 /* LoginInteractorOutput.swift */,
				B33B5CC4983136487CA151E5 /* LoginInteractor.swift */,
			);
			path = Interactor;
			sourceTree = "<group>";
		};
		9E01C470C3E1B77012FC4051 /* QRScanner */ = {
			isa = PBXGroup;
			children = (
				20CAFED0204208AD00C7DEA5 /* Models */,
				5073454438EB686C72360DF9 /* View */,
				335E3A8C334AD8DC53888D6A /* Presenter */,
				F2AB511EA27F0DBADD48BBE5 /* Interactor */,
				07C5E43BE503A2018B5AF942 /* Router */,
				E78E595F779B91946691C178 /* Configurator */,
			);
			path = QRScanner;
			sourceTree = "<group>";
		};
		D7912ED5AA0D3C26CDF53A84 /* Router */ = {
			isa = PBXGroup;
			children = (
				B3D0A44652FC07AE7F5FDDB4 /* LoginRouterInput.swift */,
				3B2A0D3D861EB2BA231E6CAD /* LoginRouter.swift */,
			);
			path = Router;
			sourceTree = "<group>";
		};
		E78E595F779B91946691C178 /* Configurator */ = {
			isa = PBXGroup;
			children = (
				96408060495CEFDFCE579106 /* QRScannerConfigurator.swift */,
				65114ECDC0A58E80CA27F23D /* QRScannerInitializer.swift */,
			);
			path = Configurator;
			sourceTree = "<group>";
		};
		F2AB511EA27F0DBADD48BBE5 /* Interactor */ = {
			isa = PBXGroup;
			children = (
				B53C4ACC058C773437FCE770 /* QRScannerInteractorInput.swift */,
				6463546423363E6BA20C09C8 /* QRScannerInteractorOutput.swift */,
				25335C61D458464AB99D3D48 /* QRScannerInteractor.swift */,
			);
			path = Interactor;
			sourceTree = "<group>";
		};
		F76A472BAE9890092EB14DEF /* Presenter */ = {
			isa = PBXGroup;
			children = (
				FB04A56E5D9C15348E901E25 /* LoginModuleInput.swift */,
				77E435360E49F73ABF4C888C /* LoginPresenter.swift */,
			);
			path = Presenter;
			sourceTree = "<group>";
		};
/* End PBXGroup section */

/* Begin PBXNativeTarget section */
		20001D64203B8D1200B6966F /* exmo-ios-client */ = {
			isa = PBXNativeTarget;
			buildConfigurationList = 20001D7A203B8D1200B6966F /* Build configuration list for PBXNativeTarget "exmo-ios-client" */;
			buildPhases = (
				20001D61203B8D1200B6966F /* Sources */,
				20001D62203B8D1200B6966F /* Frameworks */,
				20001D63203B8D1200B6966F /* Resources */,
				20CAFEED2042C5C700C7DEA5 /* Embed Frameworks */,
			);
			buildRules = (
			);
			dependencies = (
				20CAFEFD2042CB1E00C7DEA5 /* PBXTargetDependency */,
			);
			name = "exmo-ios-client";
			productName = "exmo-ios-client";
			productReference = 20001D65203B8D1200B6966F /* exmo-ios-client.app */;
			productType = "com.apple.product-type.application";
		};
/* End PBXNativeTarget section */

/* Begin PBXProject section */
		20001D5D203B8D1200B6966F /* Project object */ = {
			isa = PBXProject;
			attributes = {
				LastSwiftUpdateCheck = 0920;
				LastUpgradeCheck = 0920;
				ORGANIZATIONNAME = "Bogdan Sasko";
				TargetAttributes = {
					20001D64203B8D1200B6966F = {
						CreatedOnToolsVersion = 9.2;
						LastSwiftMigration = 0920;
						ProvisioningStyle = Automatic;
					};
					20CAFEF72042CAB000C7DEA5 = {
						CreatedOnToolsVersion = 9.2;
						ProvisioningStyle = Automatic;
					};
				};
			};
			buildConfigurationList = 20001D60203B8D1200B6966F /* Build configuration list for PBXProject "exmo-ios-client" */;
			compatibilityVersion = "Xcode 8.0";
			developmentRegion = en;
			hasScannedForEncodings = 0;
			knownRegions = (
				en,
				Base,
			);
			mainGroup = 20001D5C203B8D1200B6966F;
			productRefGroup = 20001D66203B8D1200B6966F /* Products */;
			projectDirPath = "";
			projectRoot = "";
			targets = (
				20001D64203B8D1200B6966F /* exmo-ios-client */,
				20CAFEF72042CAB000C7DEA5 /* CommonCryptoModuleMap */,
			);
		};
/* End PBXProject section */

/* Begin PBXResourcesBuildPhase section */
		20001D63203B8D1200B6966F /* Resources */ = {
			isa = PBXResourcesBuildPhase;
			buildActionMask = 2147483647;
			files = (
				205A7CFD203CCEBD00A2E28A /* Main.storyboard in Resources */,
				20001D73203B8D1200B6966F /* Assets.xcassets in Resources */,
				205A7CFC203CCEBD00A2E28A /* LaunchScreen.storyboard in Resources */,
			);
			runOnlyForDeploymentPostprocessing = 0;
		};
/* End PBXResourcesBuildPhase section */

/* Begin PBXShellScriptBuildPhase section */
		20CAFEFB2042CAEC00C7DEA5 /* ShellScript */ = {
			isa = PBXShellScriptBuildPhase;
			buildActionMask = 2147483647;
			files = (
			);
			inputPaths = (
			);
			outputPaths = (
			);
			runOnlyForDeploymentPostprocessing = 0;
			shellPath = /bin/sh;
			shellScript = "# This if-statement means we'll only run the main script if the CommonCryptoModuleMap directory doesn't exist\n# Because otherwise the rest of the script causes a full recompile for anything where CommonCrypto is a dependency\n# Do a \"Clean Build Folder\" to remove this directory and trigger the rest of the script to run\nif [ -d \"${BUILT_PRODUCTS_DIR}/CommonCryptoModuleMap\" ]; then\necho \"${BUILT_PRODUCTS_DIR}/CommonCryptoModuleMap directory already exists, so skipping the rest of the script.\"\nexit 0\nfi\n\nmkdir -p \"${BUILT_PRODUCTS_DIR}/CommonCryptoModuleMap\"\ncat <<EOF > \"${BUILT_PRODUCTS_DIR}/CommonCryptoModuleMap/module.modulemap\"\nmodule CommonCrypto [system] {\n    header \"${SDKROOT}/usr/include/CommonCrypto/CommonCrypto.h\"\n    export *\n}\nEOF";
		};
/* End PBXShellScriptBuildPhase section */

/* Begin PBXSourcesBuildPhase section */
		20001D61203B8D1200B6966F /* Sources */ = {
			isa = PBXSourcesBuildPhase;
			buildActionMask = 2147483647;
			files = (
				20001D71203B8D1200B6966F /* exmo_ios_client.xcdatamodeld in Sources */,
				205A7CFB203CCEBD00A2E28A /* AppDelegate.swift in Sources */,
				393BB2EDF910ED63EA0FA976 /* LoginViewInput.swift in Sources */,
				73B6DB13C940F5C5A8ADC3FE /* LoginViewOutput.swift in Sources */,
				DF1DBBD1CAF1A9F5DD90EFD4 /* LoginViewController.swift in Sources */,
				466BE515F58F0A76E05A0A0A /* LoginModuleInput.swift in Sources */,
				3EFA300489B77AB07A45C3E3 /* LoginPresenter.swift in Sources */,
				D928C52A8583F7A7D684EF35 /* LoginInteractorInput.swift in Sources */,
				FEA9FA32F865C22F7445201B /* LoginInteractorOutput.swift in Sources */,
				20CAFF002042EE4F00C7DEA5 /* LoginService.swift in Sources */,
				F242E37F3C1E2B2F22E16732 /* LoginInteractor.swift in Sources */,
				940A6111B404C56A5C57CF19 /* LoginRouterInput.swift in Sources */,
				20467D5051D58148706B41DA /* LoginRouter.swift in Sources */,
				0F2EBF7907418DCBAC0C254D /* LoginConfigurator.swift in Sources */,
				C457DAD84E3C4A7AF0D358D6 /* LoginInitializer.swift in Sources */,
				EEBC1EA66242D71226026D0B /* QRScannerViewInput.swift in Sources */,
				6F4E2E9D37A8F2FAF95EF6A9 /* QRScannerViewOutput.swift in Sources */,
				F4D69AF88618D8DB10050648 /* QRScannerViewController.swift in Sources */,
				20CAFED52042AE9C00C7DEA5 /* ExmoApiHandler.swift in Sources */,
				2D14B0555AE10DB8020A3714 /* QRScannerModuleInput.swift in Sources */,
				20CAFED2204208E000C7DEA5 /* QRLoginModel.swift in Sources */,
				20CAFED72042AF0D00C7DEA5 /* Data+Extensions.swift in Sources */,
				FF108A31BC65D1D2992047D5 /* QRScannerPresenter.swift in Sources */,
				202CF16820414FE7008185EB /* ViperModuleTransitionHandler.swift in Sources */,
				88A6BC935E0ACF98EA1760BD /* QRScannerInteractorInput.swift in Sources */,
				920278E6318EFE15D1B07821 /* QRScannerInteractorOutput.swift in Sources */,
				C73CF2EF984BA1FE75A12CE3 /* QRScannerInteractor.swift in Sources */,
				C724F2D0EE6F6F5F3B20C6CC /* QRScannerRouterInput.swift in Sources */,
				D130A090D8C3419858DC7F32 /* QRScannerRouter.swift in Sources */,
				34D960FCD2696E25C1B4D288 /* QRScannerConfigurator.swift in Sources */,
				0F96E308D2D80F19AD5155F8 /* QRScannerInitializer.swift in Sources */,
			);
			runOnlyForDeploymentPostprocessing = 0;
		};
/* End PBXSourcesBuildPhase section */

/* Begin PBXTargetDependency section */
		20CAFEFD2042CB1E00C7DEA5 /* PBXTargetDependency */ = {
			isa = PBXTargetDependency;
			target = 20CAFEF72042CAB000C7DEA5 /* CommonCryptoModuleMap */;
			targetProxy = 20CAFEFC2042CB1E00C7DEA5 /* PBXContainerItemProxy */;
		};
/* End PBXTargetDependency section */

/* Begin PBXVariantGroup section */
		205A7CC0203CCEBD00A2E28A /* LaunchScreen.storyboard */ = {
			isa = PBXVariantGroup;
			children = (
				205A7CC1203CCEBD00A2E28A /* Base */,
			);
			name = LaunchScreen.storyboard;
			sourceTree = "<group>";
		};
		205A7CC2203CCEBD00A2E28A /* Main.storyboard */ = {
			isa = PBXVariantGroup;
			children = (
				205A7CC3203CCEBD00A2E28A /* Base */,
			);
			name = Main.storyboard;
			sourceTree = "<group>";
		};
/* End PBXVariantGroup section */

/* Begin XCBuildConfiguration section */
		20001D78203B8D1200B6966F /* Debug */ = {
			isa = XCBuildConfiguration;
			buildSettings = {
				ALWAYS_SEARCH_USER_PATHS = NO;
				CLANG_ANALYZER_NONNULL = YES;
				CLANG_ANALYZER_NUMBER_OBJECT_CONVERSION = YES_AGGRESSIVE;
				CLANG_CXX_LANGUAGE_STANDARD = "gnu++14";
				CLANG_CXX_LIBRARY = "libc++";
				CLANG_ENABLE_MODULES = YES;
				CLANG_ENABLE_OBJC_ARC = YES;
				CLANG_WARN_BLOCK_CAPTURE_AUTORELEASING = YES;
				CLANG_WARN_BOOL_CONVERSION = YES;
				CLANG_WARN_COMMA = YES;
				CLANG_WARN_CONSTANT_CONVERSION = YES;
				CLANG_WARN_DIRECT_OBJC_ISA_USAGE = YES_ERROR;
				CLANG_WARN_DOCUMENTATION_COMMENTS = YES;
				CLANG_WARN_EMPTY_BODY = YES;
				CLANG_WARN_ENUM_CONVERSION = YES;
				CLANG_WARN_INFINITE_RECURSION = YES;
				CLANG_WARN_INT_CONVERSION = YES;
				CLANG_WARN_NON_LITERAL_NULL_CONVERSION = YES;
				CLANG_WARN_OBJC_LITERAL_CONVERSION = YES;
				CLANG_WARN_OBJC_ROOT_CLASS = YES_ERROR;
				CLANG_WARN_RANGE_LOOP_ANALYSIS = YES;
				CLANG_WARN_STRICT_PROTOTYPES = YES;
				CLANG_WARN_SUSPICIOUS_MOVE = YES;
				CLANG_WARN_UNGUARDED_AVAILABILITY = YES_AGGRESSIVE;
				CLANG_WARN_UNREACHABLE_CODE = YES;
				CLANG_WARN__DUPLICATE_METHOD_MATCH = YES;
				CODE_SIGN_IDENTITY = "iPhone Developer";
				COPY_PHASE_STRIP = NO;
				DEBUG_INFORMATION_FORMAT = dwarf;
				ENABLE_STRICT_OBJC_MSGSEND = YES;
				ENABLE_TESTABILITY = YES;
				GCC_C_LANGUAGE_STANDARD = gnu11;
				GCC_DYNAMIC_NO_PIC = NO;
				GCC_NO_COMMON_BLOCKS = YES;
				GCC_OPTIMIZATION_LEVEL = 0;
				GCC_PREPROCESSOR_DEFINITIONS = (
					"DEBUG=1",
					"$(inherited)",
				);
				GCC_WARN_64_TO_32_BIT_CONVERSION = YES;
				GCC_WARN_ABOUT_RETURN_TYPE = YES_ERROR;
				GCC_WARN_UNDECLARED_SELECTOR = YES;
				GCC_WARN_UNINITIALIZED_AUTOS = YES_AGGRESSIVE;
				GCC_WARN_UNUSED_FUNCTION = YES;
				GCC_WARN_UNUSED_VARIABLE = YES;
				IPHONEOS_DEPLOYMENT_TARGET = 11.2;
				MTL_ENABLE_DEBUG_INFO = YES;
				ONLY_ACTIVE_ARCH = YES;
				SDKROOT = iphoneos;
				SWIFT_ACTIVE_COMPILATION_CONDITIONS = DEBUG;
				SWIFT_OPTIMIZATION_LEVEL = "-Onone";
			};
			name = Debug;
		};
		20001D79203B8D1200B6966F /* Release */ = {
			isa = XCBuildConfiguration;
			buildSettings = {
				ALWAYS_SEARCH_USER_PATHS = NO;
				CLANG_ANALYZER_NONNULL = YES;
				CLANG_ANALYZER_NUMBER_OBJECT_CONVERSION = YES_AGGRESSIVE;
				CLANG_CXX_LANGUAGE_STANDARD = "gnu++14";
				CLANG_CXX_LIBRARY = "libc++";
				CLANG_ENABLE_MODULES = YES;
				CLANG_ENABLE_OBJC_ARC = YES;
				CLANG_WARN_BLOCK_CAPTURE_AUTORELEASING = YES;
				CLANG_WARN_BOOL_CONVERSION = YES;
				CLANG_WARN_COMMA = YES;
				CLANG_WARN_CONSTANT_CONVERSION = YES;
				CLANG_WARN_DIRECT_OBJC_ISA_USAGE = YES_ERROR;
				CLANG_WARN_DOCUMENTATION_COMMENTS = YES;
				CLANG_WARN_EMPTY_BODY = YES;
				CLANG_WARN_ENUM_CONVERSION = YES;
				CLANG_WARN_INFINITE_RECURSION = YES;
				CLANG_WARN_INT_CONVERSION = YES;
				CLANG_WARN_NON_LITERAL_NULL_CONVERSION = YES;
				CLANG_WARN_OBJC_LITERAL_CONVERSION = YES;
				CLANG_WARN_OBJC_ROOT_CLASS = YES_ERROR;
				CLANG_WARN_RANGE_LOOP_ANALYSIS = YES;
				CLANG_WARN_STRICT_PROTOTYPES = YES;
				CLANG_WARN_SUSPICIOUS_MOVE = YES;
				CLANG_WARN_UNGUARDED_AVAILABILITY = YES_AGGRESSIVE;
				CLANG_WARN_UNREACHABLE_CODE = YES;
				CLANG_WARN__DUPLICATE_METHOD_MATCH = YES;
				CODE_SIGN_IDENTITY = "iPhone Developer";
				COPY_PHASE_STRIP = NO;
				DEBUG_INFORMATION_FORMAT = "dwarf-with-dsym";
				ENABLE_NS_ASSERTIONS = NO;
				ENABLE_STRICT_OBJC_MSGSEND = YES;
				GCC_C_LANGUAGE_STANDARD = gnu11;
				GCC_NO_COMMON_BLOCKS = YES;
				GCC_WARN_64_TO_32_BIT_CONVERSION = YES;
				GCC_WARN_ABOUT_RETURN_TYPE = YES_ERROR;
				GCC_WARN_UNDECLARED_SELECTOR = YES;
				GCC_WARN_UNINITIALIZED_AUTOS = YES_AGGRESSIVE;
				GCC_WARN_UNUSED_FUNCTION = YES;
				GCC_WARN_UNUSED_VARIABLE = YES;
				IPHONEOS_DEPLOYMENT_TARGET = 11.2;
				MTL_ENABLE_DEBUG_INFO = NO;
				SDKROOT = iphoneos;
				SWIFT_OPTIMIZATION_LEVEL = "-Owholemodule";
				VALIDATE_PRODUCT = YES;
			};
			name = Release;
		};
		20001D7B203B8D1200B6966F /* Debug */ = {
			isa = XCBuildConfiguration;
			buildSettings = {
				ASSETCATALOG_COMPILER_APPICON_NAME = AppIcon;
				CLANG_ENABLE_MODULES = YES;
				CODE_SIGN_STYLE = Automatic;
				DEVELOPMENT_TEAM = RQ8948VJT6;
				HEADER_SEARCH_PATHS = (
					"$(inherited)",
					"$(BUILD_PRODUCTS_DIR)/CommonCryptoModuleMap",
				);
				INFOPLIST_FILE = "exmo-ios-client/Info.plist";
				IPHONEOS_DEPLOYMENT_TARGET = 11.0;
				LD_RUNPATH_SEARCH_PATHS = "$(inherited) @executable_path/Frameworks";
				PRODUCT_BUNDLE_IDENTIFIER = "Roobik.exmo-ios-client";
				PRODUCT_NAME = "$(TARGET_NAME)";
				SWIFT_INCLUDE_PATHS = "";
				SWIFT_OBJC_BRIDGING_HEADER = "";
				SWIFT_OPTIMIZATION_LEVEL = "-Onone";
				SWIFT_VERSION = 4.0;
				TARGETED_DEVICE_FAMILY = "1,2";
			};
			name = Debug;
		};
		20001D7C203B8D1200B6966F /* Release */ = {
			isa = XCBuildConfiguration;
			buildSettings = {
				ASSETCATALOG_COMPILER_APPICON_NAME = AppIcon;
				CLANG_ENABLE_MODULES = YES;
				CODE_SIGN_STYLE = Automatic;
				DEVELOPMENT_TEAM = RQ8948VJT6;
				HEADER_SEARCH_PATHS = (
					"$(inherited)",
					"$(BUILD_PRODUCTS_DIR)/CommonCryptoModuleMap",
				);
				INFOPLIST_FILE = "exmo-ios-client/Info.plist";
				IPHONEOS_DEPLOYMENT_TARGET = 11.0;
				LD_RUNPATH_SEARCH_PATHS = "$(inherited) @executable_path/Frameworks";
				PRODUCT_BUNDLE_IDENTIFIER = "Roobik.exmo-ios-client";
				PRODUCT_NAME = "$(TARGET_NAME)";
				SWIFT_INCLUDE_PATHS = "";
				SWIFT_OBJC_BRIDGING_HEADER = "";
				SWIFT_VERSION = 4.0;
				TARGETED_DEVICE_FAMILY = "1,2";
			};
			name = Release;
		};
		20CAFEF92042CAB000C7DEA5 /* Debug */ = {
			isa = XCBuildConfiguration;
			buildSettings = {
				CODE_SIGN_STYLE = Automatic;
				DEVELOPMENT_TEAM = RQ8948VJT6;
				PRODUCT_NAME = "$(TARGET_NAME)";
			};
			name = Debug;
		};
		20CAFEFA2042CAB000C7DEA5 /* Release */ = {
			isa = XCBuildConfiguration;
			buildSettings = {
				CODE_SIGN_STYLE = Automatic;
				DEVELOPMENT_TEAM = RQ8948VJT6;
				PRODUCT_NAME = "$(TARGET_NAME)";
			};
			name = Release;
		};
/* End XCBuildConfiguration section */

/* Begin XCConfigurationList section */
		20001D60203B8D1200B6966F /* Build configuration list for PBXProject "exmo-ios-client" */ = {
			isa = XCConfigurationList;
			buildConfigurations = (
				20001D78203B8D1200B6966F /* Debug */,
				20001D79203B8D1200B6966F /* Release */,
			);
			defaultConfigurationIsVisible = 0;
			defaultConfigurationName = Release;
		};
		20001D7A203B8D1200B6966F /* Build configuration list for PBXNativeTarget "exmo-ios-client" */ = {
			isa = XCConfigurationList;
			buildConfigurations = (
				20001D7B203B8D1200B6966F /* Debug */,
				20001D7C203B8D1200B6966F /* Release */,
			);
			defaultConfigurationIsVisible = 0;
			defaultConfigurationName = Release;
		};
		20CAFEF82042CAB000C7DEA5 /* Build configuration list for PBXAggregateTarget "CommonCryptoModuleMap" */ = {
			isa = XCConfigurationList;
			buildConfigurations = (
				20CAFEF92042CAB000C7DEA5 /* Debug */,
				20CAFEFA2042CAB000C7DEA5 /* Release */,
			);
			defaultConfigurationIsVisible = 0;
			defaultConfigurationName = Release;
		};
/* End XCConfigurationList section */

/* Begin XCVersionGroup section */
		20001D6F203B8D1200B6966F /* exmo_ios_client.xcdatamodeld */ = {
			isa = XCVersionGroup;
			children = (
				20001D70203B8D1200B6966F /* exmo_ios_client.xcdatamodel */,
			);
			currentVersion = 20001D70203B8D1200B6966F /* exmo_ios_client.xcdatamodel */;
			path = exmo_ios_client.xcdatamodeld;
			sourceTree = "<group>";
			versionGroupType = wrapper.xcdatamodel;
		};
/* End XCVersionGroup section */
	};
	rootObject = 20001D5D203B8D1200B6966F /* Project object */;
}
